{
    "_readme": [
        "This file locks the dependencies of your project to a known state",
        "Read more about it at https://getcomposer.org/doc/01-basic-usage.md#installing-dependencies",
        "This file is @generated automatically"
    ],
    "content-hash": "4753ce5543cbb4b9677d305e7762b10a",
    "packages": [
        {
            "name": "muyomu/aop",
            "version": "v1.0.6",
            "source": {
                "type": "git",
                "url": "https://github.com/muyomu/aop.git",
                "reference": "ed9e394251d7436f52df639395ba3b5feff7aa8d"
            },
            "dist": {
                "type": "zip",
                "url": "https://api.github.com/repos/muyomu/aop/zipball/ed9e394251d7436f52df639395ba3b5feff7aa8d",
                "reference": "ed9e394251d7436f52df639395ba3b5feff7aa8d",
                "shasum": ""
            },
            "type": "library",
            "autoload": {
                "psr-4": {
                    "muyomu\\aop\\": "src/"
                }
            },
            "notification-url": "https://packagist.org/downloads/",
            "license": [
                "apache-2.0"
            ],
            "authors": [
                {
                    "name": "mutian",
                    "email": "bhfqlz@qq.com"
                }
            ],
            "description": "The aop framework for muyomu web framework",
            "support": {
                "issues": "https://github.com/muyomu/aop/issues",
                "source": "https://github.com/muyomu/aop/tree/v1.0.6"
            },
            "time": "2022-11-19T00:31:50+00:00"
        },
        {
            "name": "muyomu/config",
            "version": "v1.1.2",
            "source": {
                "type": "git",
                "url": "https://github.com/muyomu/config.git",
                "reference": "11a05808815ed44197dda9c5e8ef5de298c8da84"
            },
            "dist": {
                "type": "zip",
                "url": "https://api.github.com/repos/muyomu/config/zipball/11a05808815ed44197dda9c5e8ef5de298c8da84",
                "reference": "11a05808815ed44197dda9c5e8ef5de298c8da84",
                "shasum": ""
            },
            "type": "library",
            "autoload": {
                "psr-4": {
                    "muyomu\\config\\": "src/"
                }
            },
            "notification-url": "https://packagist.org/downloads/",
            "license": [
                "apache-2.0"
            ],
            "authors": [
                {
                    "name": "mutian",
                    "email": "mutian-xiangcai@outlook.com"
                }
            ],
            "description": "The config framework for muyomu web framework",
            "support": {
                "issues": "https://github.com/muyomu/config/issues",
                "source": "https://github.com/muyomu/config/tree/v1.1.2"
            },
            "time": "2022-11-27T06:40:46+00:00"
        },
        {
            "name": "muyomu/database",
            "version": "v2.0.2",
            "source": {
                "type": "git",
                "url": "https://github.com/muyomu/database.git",
                "reference": "5ce80913b931cedd6ffb9d1559e2919f9db85d8a"
            },
            "dist": {
                "type": "zip",
                "url": "https://api.github.com/repos/muyomu/database/zipball/5ce80913b931cedd6ffb9d1559e2919f9db85d8a",
                "reference": "5ce80913b931cedd6ffb9d1559e2919f9db85d8a",
                "shasum": ""
            },
            "type": "library",
            "autoload": {
                "psr-4": {
                    "muyomu\\database\\": "src/"
                }
            },
            "notification-url": "https://packagist.org/downloads/",
            "license": [
                "apache-2.0"
            ],
            "authors": [
                {
                    "name": "mutian",
                    "email": "mutian-xiangcai@outlook.com"
                }
            ],
            "description": "The database of muyomu web framework",
            "support": {
                "issues": "https://github.com/muyomu/database/issues",
                "source": "https://github.com/muyomu/database/tree/v2.0.2"
            },
            "time": "2022-11-26T13:00:09+00:00"
        },
        {
            "name": "muyomu/dynamic",
            "version": "v2.0.14",
            "source": {
                "type": "git",
                "url": "https://github.com/muyomu/dynamic.git",
                "reference": "958e4d3a8d3793f1c212b48df2376f186991b70d"
            },
            "dist": {
                "type": "zip",
                "url": "https://api.github.com/repos/muyomu/dynamic/zipball/958e4d3a8d3793f1c212b48df2376f186991b70d",
                "reference": "958e4d3a8d3793f1c212b48df2376f186991b70d",
                "shasum": ""
            },
            "require": {
                "muyomu/database": "2.0.2",
                "muyomu/http": "2.1.2",
                "muyomu/router": "2.0.6"
            },
            "type": "library",
            "autoload": {
                "psr-4": {
                    "muyomu\\dpara\\": "src/"
                }
            },
            "notification-url": "https://packagist.org/downloads/",
            "license": [
                "apache-2.0"
            ],
            "authors": [
                {
                    "name": "mutian"
                }
            ],
            "description": "The dynamic paramater resolver of muyomu framework",
            "support": {
                "issues": "https://github.com/muyomu/dynamic/issues",
                "source": "https://github.com/muyomu/dynamic/tree/v2.0.14"
            },
            "time": "2022-11-27T06:48:33+00:00"
        },
        {
            "name": "muyomu/executor",
            "version": "v2.0.12",
            "source": {
                "type": "git",
                "url": "https://github.com/muyomu/executor.git",
                "reference": "992ab7e68994ead75d0bffa61bd4299af6da608a"
            },
            "dist": {
                "type": "zip",
                "url": "https://api.github.com/repos/muyomu/executor/zipball/992ab7e68994ead75d0bffa61bd4299af6da608a",
                "reference": "992ab7e68994ead75d0bffa61bd4299af6da608a",
                "shasum": ""
            },
            "require": {
                "muyomu/aop": "^1.0.6",
                "muyomu/http": "2.1.2",
                "muyomu/log4p": "1.1.3",
                "muyomu/router": "2.0.6"
            },
            "type": "library",
            "autoload": {
                "psr-4": {
                    "muyomu\\executor\\": "src/"
                }
            },
            "notification-url": "https://packagist.org/downloads/",
            "license": [
                "apache-2.0"
            ],
            "authors": [
                {
                    "name": "mutian",
                    "email": "mutian-xiangcai@outlook.com"
                }
            ],
            "description": "The executor of muyomu framework",
            "support": {
                "issues": "https://github.com/muyomu/executor/issues",
                "source": "https://github.com/muyomu/executor/tree/v2.0.12"
            },
            "time": "2022-11-27T06:45:59+00:00"
        },
        {
            "name": "muyomu/filter",
            "version": "v1.0.14",
            "source": {
                "type": "git",
                "url": "https://github.com/muyomu/filter.git",
                "reference": "02b8a17a3f56c23db81f29096b3ad402d914d99e"
            },
            "dist": {
                "type": "zip",
                "url": "https://api.github.com/repos/muyomu/filter/zipball/02b8a17a3f56c23db81f29096b3ad402d914d99e",
                "reference": "02b8a17a3f56c23db81f29096b3ad402d914d99e",
                "shasum": ""
            },
            "require": {
                "muyomu/http": "2.1.2"
            },
            "type": "library",
            "autoload": {
                "psr-4": {
                    "muyomu\\filter\\": "src/"
                }
            },
            "notification-url": "https://packagist.org/downloads/",
            "license": [
                "apache-2.0"
            ],
            "authors": [
                {
                    "name": "mutian",
                    "email": "bhfqlz@outlook.com"
                }
            ],
            "description": "The filter framework for muyomu web framework",
            "support": {
                "issues": "https://github.com/muyomu/filter/issues",
                "source": "https://github.com/muyomu/filter/tree/v1.0.14"
            },
            "time": "2022-11-27T06:45:05+00:00"
        },
        {
            "name": "muyomu/http",
            "version": "v2.1.2",
            "source": {
                "type": "git",
                "url": "https://github.com/muyomu/http.git",
                "reference": "460d631cb3f62a4bd694c1501fa2b6c34f2bdb2b"
            },
            "dist": {
                "type": "zip",
                "url": "https://api.github.com/repos/muyomu/http/zipball/460d631cb3f62a4bd694c1501fa2b6c34f2bdb2b",
                "reference": "460d631cb3f62a4bd694c1501fa2b6c34f2bdb2b",
                "shasum": ""
            },
            "require": {
                "muyomu/config": "1.1.2",
                "muyomu/database": "2.0.2",
                "muyomu/log4p": "1.1.3",
                "muyomu/router": "2.0.6"
            },
            "type": "library",
            "autoload": {
                "psr-4": {
                    "muyomu\\http\\": "src/"
                }
            },
            "notification-url": "https://packagist.org/downloads/",
            "license": [
                "apache-2.0"
            ],
            "authors": [
                {
                    "name": "mutian",
                    "email": "mutian-xiangcai@outlook.com"
                }
            ],
            "description": "The http helper of muyomu web framework",
            "support": {
                "issues": "https://github.com/muyomu/http/issues",
                "source": "https://github.com/muyomu/http/tree/v2.1.2"
            },
            "time": "2022-11-27T06:43:55+00:00"
        },
        {
            "name": "muyomu/log4p",
            "version": "v1.1.3",
            "source": {
                "type": "git",
                "url": "https://github.com/muyomu/logger.git",
                "reference": "713e6acd4fc6babeb66fc27a0612e531f21dff46"
            },
            "dist": {
                "type": "zip",
                "url": "https://api.github.com/repos/muyomu/logger/zipball/713e6acd4fc6babeb66fc27a0612e531f21dff46",
                "reference": "713e6acd4fc6babeb66fc27a0612e531f21dff46",
                "shasum": ""
            },
            "require": {
                "muyomu/config": "1.1.2"
            },
            "type": "library",
            "autoload": {
                "psr-4": {
                    "muyomu\\log4p\\": "src/"
                }
            },
            "notification-url": "https://packagist.org/downloads/",
            "license": [
                "apache-2.0"
            ],
            "authors": [
                {
                    "name": "mutian",
                    "email": "bhfqlz@qq.com"
                }
            ],
            "description": "The log framework for muyomu web framework",
            "support": {
                "issues": "https://github.com/muyomu/logger/issues",
                "source": "https://github.com/muyomu/logger/tree/v1.1.3"
            },
            "time": "2022-11-27T06:42:14+00:00"
        },
        {
            "name": "muyomu/middleware",
            "version": "v1.0.3",
            "source": {
                "type": "git",
                "url": "https://github.com/muyomu/middleware.git",
                "reference": "cb276918d968112c8a25cf3f351d9559664334e4"
            },
            "dist": {
                "type": "zip",
                "url": "https://api.github.com/repos/muyomu/middleware/zipball/cb276918d968112c8a25cf3f351d9559664334e4",
                "reference": "cb276918d968112c8a25cf3f351d9559664334e4",
                "shasum": ""
            },
            "require": {
                "muyomu/http": "2.1.2"
            },
            "type": "library",
            "autoload": {
                "psr-4": {
                    "muyomu\\middleware\\": "src/"
                }
            },
            "notification-url": "https://packagist.org/downloads/",
            "license": [
                "apache-2.0"
            ],
            "authors": [
                {
                    "name": "mutian",
                    "email": "bhfqlz@qq.com"
                }
            ],
            "description": "The plugin framework for muyomu web framework",
            "support": {
                "issues": "https://github.com/muyomu/middleware/issues",
                "source": "https://github.com/muyomu/middleware/tree/v1.0.3"
            },
            "time": "2022-11-27T06:46:49+00:00"
        },
        {
            "name": "muyomu/router",
            "version": "v2.0.6",
            "source": {
                "type": "git",
                "url": "https://github.com/muyomu/router.git",
                "reference": "472e0ae5710b9c53a7f83d0a5f9eed0c53b0577d"
            },
            "dist": {
                "type": "zip",
                "url": "https://api.github.com/repos/muyomu/router/zipball/472e0ae5710b9c53a7f83d0a5f9eed0c53b0577d",
                "reference": "472e0ae5710b9c53a7f83d0a5f9eed0c53b0577d",
                "shasum": ""
            },
            "require": {
                "muyomu/database": "2.0.2"
            },
            "type": "library",
            "autoload": {
                "psr-4": {
                    "muyomu\\router\\": "src/"
                }
            },
            "notification-url": "https://packagist.org/downloads/",
            "license": [
                "apache-2.0"
            ],
            "authors": [
                {
                    "name": "mutian",
                    "email": "mutian-xiangcai@outlook.com"
                }
            ],
            "description": "The router of muyomu framework",
            "support": {
                "issues": "https://github.com/muyomu/router/issues",
                "source": "https://github.com/muyomu/router/tree/v2.0.6"
            },
            "time": "2022-11-26T13:19:24+00:00"
        }
    ],
    "packages-dev": [],
    "aliases": [],
    "minimum-stability": "dev",
    "stability-flags": [],
    "prefer-stable": false,
    "prefer-lowest": false,
    "platform": {
        "php": ">=8.1"
    },
    "platform-dev": [],
    "plugin-api-version": "2.3.0"
}
