{
    "_readme": [
        "This file locks the dependencies of your project to a known state",
        "Read more about it at https://getcomposer.org/doc/01-basic-usage.md#installing-dependencies",
        "This file is @generated automatically"
    ],
    "content-hash": "2a8ede90c2dca32dfcde52817fee3dc5",
    "packages": [
        {
            "name": "muyomu/database",
            "version": "v1.1.0",
            "source": {
                "type": "git",
                "url": "https://github.com/muyomu/database.git",
                "reference": "73eef94ffcd00a84c0df36237679bfbe074a94b1"
            },
            "dist": {
                "type": "zip",
                "url": "https://api.github.com/repos/muyomu/database/zipball/73eef94ffcd00a84c0df36237679bfbe074a94b1",
                "reference": "73eef94ffcd00a84c0df36237679bfbe074a94b1",
                "shasum": ""
            },
            "type": "library",
            "autoload": {
                "psr-4": {
                    "muyomu\\database\\": "src/"
                }
            },
            "notification-url": "https://packagist.org/downloads/",
            "license": [
                "apache-2.0"
            ],
            "authors": [
                {
                    "name": "mutian",
                    "email": "mutian-xiangcai@outlook.com"
                }
            ],
            "description": "The database of muyomu web framework",
            "support": {
                "issues": "https://github.com/muyomu/database/issues",
                "source": "https://github.com/muyomu/database/tree/v1.1.0"
            },
            "time": "2022-10-16T00:57:44+00:00"
        },
        {
            "name": "muyomu/dpara",
            "version": "v1.0.1",
            "source": {
                "type": "git",
                "url": "https://github.com/muyomu/dpara.git",
                "reference": "87c2876b02fcedac78fb8c15d919566159c6ff71"
            },
            "dist": {
                "type": "zip",
                "url": "https://api.github.com/repos/muyomu/dpara/zipball/87c2876b02fcedac78fb8c15d919566159c6ff71",
                "reference": "87c2876b02fcedac78fb8c15d919566159c6ff71",
                "shasum": ""
            },
            "require": {
                "muyomu/http": "1.1.2",
                "muyomu/router": "1.1.3"
            },
            "type": "library",
            "autoload": {
                "psr-4": {
                    "muyomu\\dpara\\": "src/"
                }
            },
            "notification-url": "https://packagist.org/downloads/",
            "license": [
                "apache-2.0"
            ],
            "authors": [
                {
                    "name": "mutian"
                }
            ],
            "description": "The dynamic paramater resolver of muyomu framework",
            "support": {
                "issues": "https://github.com/muyomu/dpara/issues",
                "source": "https://github.com/muyomu/dpara/tree/v1.0.1"
            },
            "time": "2022-10-16T02:58:09+00:00"
        },
        {
            "name": "muyomu/executor",
            "version": "v1.0.2",
            "source": {
                "type": "git",
                "url": "https://github.com/muyomu/executor.git",
                "reference": "00384b8de11b604e312da0961714c070ea9a8b51"
            },
            "dist": {
                "type": "zip",
                "url": "https://api.github.com/repos/muyomu/executor/zipball/00384b8de11b604e312da0961714c070ea9a8b51",
                "reference": "00384b8de11b604e312da0961714c070ea9a8b51",
                "shasum": ""
            },
            "require": {
                "muyomu/http": "1.1.2"
            },
            "type": "library",
            "autoload": {
                "psr-4": {
                    "muyomu\\executor\\": "src/"
                }
            },
            "notification-url": "https://packagist.org/downloads/",
            "license": [
                "apache-2.0"
            ],
            "authors": [
                {
                    "name": "mutian",
                    "email": "mutian-xiangcai@outlook.com"
                }
            ],
            "description": "The executor of muyomu framework",
            "support": {
                "issues": "https://github.com/muyomu/executor/issues",
                "source": "https://github.com/muyomu/executor/tree/v1.0.2"
            },
            "time": "2022-10-16T02:56:36+00:00"
        },
        {
            "name": "muyomu/http",
            "version": "v1.1.2",
            "source": {
                "type": "git",
                "url": "https://github.com/muyomu/http.git",
                "reference": "d19dd260111b9282a00c16255bc6dbfcd2e85c6c"
            },
            "dist": {
                "type": "zip",
                "url": "https://api.github.com/repos/muyomu/http/zipball/d19dd260111b9282a00c16255bc6dbfcd2e85c6c",
                "reference": "d19dd260111b9282a00c16255bc6dbfcd2e85c6c",
                "shasum": ""
            },
            "require": {
                "muyomu/database": "1.1.0"
            },
            "type": "library",
            "autoload": {
                "psr-4": {
                    "muyomu\\http\\": "src/"
                }
            },
            "notification-url": "https://packagist.org/downloads/",
            "license": [
                "apache-2.0"
            ],
            "authors": [
                {
                    "name": "mutian",
                    "email": "mutian-xiangcai@outlook.com"
                }
            ],
            "description": "The http helper of muyomu web framework",
            "support": {
                "issues": "https://github.com/muyomu/http/issues",
                "source": "https://github.com/muyomu/http/tree/v1.1.2"
            },
            "time": "2022-10-16T01:48:33+00:00"
        },
        {
            "name": "muyomu/router",
            "version": "v1.1.3",
            "source": {
                "type": "git",
                "url": "https://github.com/muyomu/router.git",
                "reference": "3efeb8a0fb7ce0666b3f9ce338eaef610d221d4b"
            },
            "dist": {
                "type": "zip",
                "url": "https://api.github.com/repos/muyomu/router/zipball/3efeb8a0fb7ce0666b3f9ce338eaef610d221d4b",
                "reference": "3efeb8a0fb7ce0666b3f9ce338eaef610d221d4b",
                "shasum": ""
            },
            "require": {
                "muyomu/database": "1.1.0"
            },
            "type": "library",
            "autoload": {
                "psr-4": {
                    "muyomu\\router\\": "src/"
                }
            },
            "notification-url": "https://packagist.org/downloads/",
            "license": [
                "apache-2.0"
            ],
            "authors": [
                {
                    "name": "mutian",
                    "email": "mutian-xiangcai@outlook.com"
                }
            ],
            "description": "The router of muyomu framework",
            "support": {
                "issues": "https://github.com/muyomu/router/issues",
                "source": "https://github.com/muyomu/router/tree/v1.1.3"
            },
            "time": "2022-10-16T02:32:38+00:00"
        }
    ],
    "packages-dev": [],
    "aliases": [],
    "minimum-stability": "dev",
    "stability-flags": [],
    "prefer-stable": false,
    "prefer-lowest": false,
    "platform": [],
    "platform-dev": [],
    "plugin-api-version": "2.3.0"
}
